
Microsoft Visual Studio Solution File, Format Version 12.00
# Visual Studio Version 17
VisualStudioVersion = 17.14.36202.13 d17.14
MinimumVisualStudioVersion = 10.0.40219.1
Project("{FAE04EC0-301F-11D3-BF4B-00C04F79EFBC}") = "Aula02", "Aula02.csproj", "{59AD2630-4876-4713-A1A8-ACC308D5B5CD}"
EndProject
Global
	GlobalSection(SolutionConfigurationPlatforms) = preSolution
		Debug|Any CPU = Debug|Any CPU
		Release|Any CPU = Release|Any CPU
	EndGlobalSection
	GlobalSection(ProjectConfigurationPlatforms) = postSolution
		{59AD2630-4876-4713-A1A8-ACC308D5B5CD}.Debug|Any CPU.ActiveCfg = Debug|Any CPU
		{59AD2630-4876-4713-A1A8-ACC308D5B5CD}.Debug|Any CPU.Build.0 = Debug|Any CPU
		{59AD2630-4876-4713-A1A8-ACC308D5B5CD}.Release|Any CPU.ActiveCfg = Release|Any CPU
		{59AD2630-4876-4713-A1A8-ACC308D5B5CD}.Release|Any CPU.Build.0 = Release|Any CPU
	EndGlobalSection
	GlobalSection(SolutionProperties) = preSolution
		HideSolutionNode = FALSE
	EndGlobalSection
	GlobalSection(ExtensibilityGlobals) = postSolution
		SolutionGuid = {00B7ED69-391D-4BCE-A8A7-1749A5490E8D}
	EndGlobalSection
EndGlobal
